
Microsoft Visual Studio Solution File, Format Version 12.00
# Visual Studio Version 17
VisualStudioVersion = 17.4.33103.184
MinimumVisualStudioVersion = 10.0.40219.1
Project("{FAE04EC0-301F-11D3-BF4B-00C04F79EFBC}") = "Microservice-map-info", "Microservice-map-info\Microservice-map-info.csproj", "{3526E28F-BDD4-483E-8D57-4E4C33C6F466}"
EndProject
Project("{FAE04EC0-301F-11D3-BF4B-00C04F79EFBC}") = "GoogleMapInfo", "GoogleMapInfo\GoogleMapInfo.csproj", "{2160AB72-6303-4808-B507-0DBD34470F7C}"
EndProject
Project("{FAE04EC0-301F-11D3-BF4B-00C04F79EFBC}") = "DistanceGrpc", "DistanceGrpc\DistanceGrpc.csproj", "{1BB95836-75CD-4511-89C2-1D9C8D7AB6A7}"
EndProject
Project("{FAE04EC0-301F-11D3-BF4B-00C04F79EFBC}") = "GrpcClient.console", "GrpcClient.console\GrpcClient.console.csproj", "{B2C69D07-BA21-42D2-B1A5-5D0B3391243B}"
EndProject
Global
	GlobalSection(SolutionConfigurationPlatforms) = preSolution
		Debug|Any CPU = Debug|Any CPU
		Release|Any CPU = Release|Any CPU
	EndGlobalSection
	GlobalSection(ProjectConfigurationPlatforms) = postSolution
		{3526E28F-BDD4-483E-8D57-4E4C33C6F466}.Debug|Any CPU.ActiveCfg = Debug|Any CPU
		{3526E28F-BDD4-483E-8D57-4E4C33C6F466}.Debug|Any CPU.Build.0 = Debug|Any CPU
		{3526E28F-BDD4-483E-8D57-4E4C33C6F466}.Release|Any CPU.ActiveCfg = Release|Any CPU
		{3526E28F-BDD4-483E-8D57-4E4C33C6F466}.Release|Any CPU.Build.0 = Release|Any CPU
		{2160AB72-6303-4808-B507-0DBD34470F7C}.Debug|Any CPU.ActiveCfg = Debug|Any CPU
		{2160AB72-6303-4808-B507-0DBD34470F7C}.Debug|Any CPU.Build.0 = Debug|Any CPU
		{2160AB72-6303-4808-B507-0DBD34470F7C}.Release|Any CPU.ActiveCfg = Release|Any CPU
		{2160AB72-6303-4808-B507-0DBD34470F7C}.Release|Any CPU.Build.0 = Release|Any CPU
		{1BB95836-75CD-4511-89C2-1D9C8D7AB6A7}.Debug|Any CPU.ActiveCfg = Debug|Any CPU
		{1BB95836-75CD-4511-89C2-1D9C8D7AB6A7}.Debug|Any CPU.Build.0 = Debug|Any CPU
		{1BB95836-75CD-4511-89C2-1D9C8D7AB6A7}.Release|Any CPU.ActiveCfg = Release|Any CPU
		{1BB95836-75CD-4511-89C2-1D9C8D7AB6A7}.Release|Any CPU.Build.0 = Release|Any CPU
		{B2C69D07-BA21-42D2-B1A5-5D0B3391243B}.Debug|Any CPU.ActiveCfg = Debug|Any CPU
		{B2C69D07-BA21-42D2-B1A5-5D0B3391243B}.Debug|Any CPU.Build.0 = Debug|Any CPU
		{B2C69D07-BA21-42D2-B1A5-5D0B3391243B}.Release|Any CPU.ActiveCfg = Release|Any CPU
		{B2C69D07-BA21-42D2-B1A5-5D0B3391243B}.Release|Any CPU.Build.0 = Release|Any CPU
	EndGlobalSection
	GlobalSection(SolutionProperties) = preSolution
		HideSolutionNode = FALSE
	EndGlobalSection
	GlobalSection(ExtensibilityGlobals) = postSolution
		SolutionGuid = {31E478F7-C9CE-4DEB-A0F5-6CFE61B67C71}
	EndGlobalSection
EndGlobal
